
Microsoft Visual Studio Solution File, Format Version 12.00
# Visual Studio 15
VisualStudioVersion = 15.0.28010.2046
MinimumVisualStudioVersion = 10.0.40219.1
Project("{FAE04EC0-301F-11D3-BF4B-00C04F79EFBC}") = "WCF_Notas", "WCF_Notas\WCF_Notas.csproj", "{D74E4050-A388-4B16-B7DF-9450AB3D453E}"
EndProject
Global
	GlobalSection(SolutionConfigurationPlatforms) = preSolution
		Debug|Any CPU = Debug|Any CPU
		Release|Any CPU = Release|Any CPU
	EndGlobalSection
	GlobalSection(ProjectConfigurationPlatforms) = postSolution
		{D74E4050-A388-4B16-B7DF-9450AB3D453E}.Debug|Any CPU.ActiveCfg = Debug|Any CPU
		{D74E4050-A388-4B16-B7DF-9450AB3D453E}.Debug|Any CPU.Build.0 = Debug|Any CPU
		{D74E4050-A388-4B16-B7DF-9450AB3D453E}.Release|Any CPU.ActiveCfg = Release|Any CPU
		{D74E4050-A388-4B16-B7DF-9450AB3D453E}.Release|Any CPU.Build.0 = Release|Any CPU
	EndGlobalSection
	GlobalSection(SolutionProperties) = preSolution
		HideSolutionNode = FALSE
	EndGlobalSection
	GlobalSection(ExtensibilityGlobals) = postSolution
		SolutionGuid = {AC60B7C4-2150-4C37-BA05-F7B2C70B2375}
	EndGlobalSection
EndGlobal
